{
  "version": 4,
  "terraform_version": "1.6.3",
  "serial": 30,
  "lineage": "0737d37c-a2b4-401a-774f-764a21c3bc9c",
  "outputs": {
    "eks_cluster_arn": {
      "value": "arn:aws:eks:us-east-1:211125583282:cluster/kafka",
      "type": "string"
    },
    "eks_cluster_endpoint": {
      "value": "https://7BA373E6FA6BEFD8F0737C9B9F1C6069.gr7.us-east-1.eks.amazonaws.com",
      "type": "string"
    },
    "eks_node_group_arn": {
      "value": "arn:aws:eks:us-east-1:211125583282:nodegroup/kafka/kafka-eks-node-group/f6c75249-7671-d477-f2e4-bb74223d9486",
      "type": "string"
    }
  },
  "resources": [
    {
      "module": "module.eks_addons",
      "mode": "managed",
      "type": "aws_eks_addon",
      "name": "addons",
      "provider": "provider[\"registry.terraform.io/hashicorp/aws\"]",
      "instances": [
        {
          "index_key": "aws-ebs-csi-driver",
          "schema_version": 0,
          "attributes": {
            "addon_name": "aws-ebs-csi-driver",
            "addon_version": "v1.28.0-eksbuild.1",
            "arn": "arn:aws:eks:us-east-1:211125583282:addon/kafka/aws-ebs-csi-driver/e8c7524a-5100-3787-d126-8c98d987bb0d",
            "cluster_name": "kafka",
            "configuration_values": "",
            "created_at": "2024-04-03T15:29:48Z",
            "id": "kafka:aws-ebs-csi-driver",
            "modified_at": "2024-04-03T15:30:35Z",
            "preserve": null,
            "resolve_conflicts": null,
            "resolve_conflicts_on_create": null,
            "resolve_conflicts_on_update": null,
            "service_account_role_arn": "",
            "tags": null,
            "tags_all": {},
            "timeouts": null
          },
          "sensitive_attributes": [],
          "private": "eyJlMmJmYjczMC1lY2FhLTExZTYtOGY4OC0zNDM2M2JjN2M0YzAiOnsiY3JlYXRlIjoxMjAwMDAwMDAwMDAwLCJkZWxldGUiOjI0MDAwMDAwMDAwMDAsInVwZGF0ZSI6MTIwMDAwMDAwMDAwMH19",
          "dependencies": [
            "module.eks_cluster.aws_eks_cluster.cluster",
            "module.eks_cluster_iam.aws_iam_role.role",
            "module.eks_cluster_iam.aws_iam_role_policy_attachment.policy_attachments",
            "module.eks_node_group.aws_eks_node_group.private_nodes",
            "module.eks_vpc.aws_eip.nat",
            "module.eks_vpc.aws_internet_gateway.igw",
            "module.eks_vpc.aws_nat_gateway.nat",
            "module.eks_vpc.aws_route_table.private",
            "module.eks_vpc.aws_route_table.public",
            "module.eks_vpc.aws_route_table_association.private",
            "module.eks_vpc.aws_route_table_association.public",
            "module.eks_vpc.aws_subnet.private",
            "module.eks_vpc.aws_subnet.public",
            "module.eks_vpc.aws_vpc.main",
            "module.eks_worker_nodes_iam.aws_iam_role.role",
            "module.eks_worker_nodes_iam.aws_iam_role_policy_attachment.policy_attachments"
          ]
        }
      ]
    },
    {
      "module": "module.eks_cluster",
      "mode": "managed",
      "type": "aws_eks_cluster",
      "name": "cluster",
      "provider": "provider[\"registry.terraform.io/hashicorp/aws\"]",
      "instances": [
        {
          "schema_version": 0,
          "attributes": {
            "access_config": [
              {
                "authentication_mode": "CONFIG_MAP",
                "bootstrap_cluster_creator_admin_permissions": false
              }
            ],
            "arn": "arn:aws:eks:us-east-1:211125583282:cluster/kafka",
            "certificate_authority": [
              {
                "data": "LS0tLS1CRUdJTiBDRVJUSUZJQ0FURS0tLS0tCk1JSURCVENDQWUyZ0F3SUJBZ0lJUTJDbzk2T0h1c1F3RFFZSktvWklodmNOQVFFTEJRQXdGVEVUTUJFR0ExVUUKQXhNS2EzVmlaWEp1WlhSbGN6QWVGdzB5TkRBME1ETXhOVEl3TURkYUZ3MHpOREEwTURFeE5USTFNRGRhTUJVeApFekFSQmdOVkJBTVRDbXQxWW1WeWJtVjBaWE13Z2dFaU1BMEdDU3FHU0liM0RRRUJBUVVBQTRJQkR3QXdnZ0VLCkFvSUJBUUNyYW9USHFGMXY0dXNtVVVOb0RzUmVlaUYxSGhYTUo4M2l3SjBoZDRQZVpNSDlid0ozS1JtYXBhWG8KQlZCTVhhMi9GaldDS2JlY3Q2akVweFE2Z09qNkhPUWR6Uk5DdUN5T2o1UnprVE1INjM2aUdId1NrWk83SUV3MQpWVmhaK2RZaXBLVDlCdlh2MkFFVGJqYTVKNk9OSkZNVGFXQktLeXYzRDBKaXFhcEY1c0pZSVhJd0FtdGRCTDFWCnpKcGlGQytpbGZkZ2xXRFVRQ2YzVUl6RWwyMEVtSi9uQVNiTWJJWllBMW5wdVEwQzNSci80a2Qyc2lsMnFWRFIKR1lpN0E4WjFlZWRib3VTelBXd2NPVWdRUzZPaXZKMzFTYUZRWldHUjJDYXpUS05ib3IzbWplTWhxcnVjYWVwNgpYREx1MXk0WDhmNXFrbGhMb2dEVm5zL1AwUFRyQWdNQkFBR2pXVEJYTUE0R0ExVWREd0VCL3dRRUF3SUNwREFQCkJnTlZIUk1CQWY4RUJUQURBUUgvTUIwR0ExVWREZ1FXQkJTeFpxRk8ycUlOSjZYVWJpNTQvOEhsemVPMElEQVYKQmdOVkhSRUVEakFNZ2dwcmRXSmxjbTVsZEdWek1BMEdDU3FHU0liM0RRRUJDd1VBQTRJQkFRQjIvMGMxNnZBaQpkVWhJL1ZxSnVQaUgwMkRKNG5WTit5SE5OQnk5b1pIQ1NaQ1J6UXd4NHJhaWJKV3pLcGduY0hvZWFiYWZMcCtICnhqYjZWNGxNdnhQU1JyT2NMcUVOQTN5WWQzVVdsN3FOd1o4MGVtS2ZaVFFCNHlES29PNDR4ZzF1bENMcWEwL2UKb2dWUU1zcDJnK2JBL2pWQmxxaExzVkh3amdOZFMzcEd4MW9iT21hck8yMTlibENrZXJvMVMxWUsxV00wbzVwdAphL1ZrL1dpdXk2UUdaaFFHNkxjL3NjeHVDajZzYUpkUkdGWHNaak1MaStMa0YycmJPNHlUdWwvYU9pRk1kV1RrCldyN2M2bzhLdnpaNkhPMzVvZkUvczF2dlFxQWhpcEkvamlQeTAwSWZvRjA5OHBTVXo1NnhwU2liMzdzNWlvL0oKYzU1SjFpVDRDVk9rCi0tLS0tRU5EIENFUlRJRklDQVRFLS0tLS0K"
              }
            ],
            "cluster_id": null,
            "created_at": "2024-04-03 15:20:38.498 +0000 UTC",
            "enabled_cluster_log_types": null,
            "encryption_config": [],
            "endpoint": "https://7BA373E6FA6BEFD8F0737C9B9F1C6069.gr7.us-east-1.eks.amazonaws.com",
            "id": "kafka",
            "identity": [
              {
                "oidc": [
                  {
                    "issuer": "https://oidc.eks.us-east-1.amazonaws.com/id/7BA373E6FA6BEFD8F0737C9B9F1C6069"
                  }
                ]
              }
            ],
            "kubernetes_network_config": [
              {
                "ip_family": "ipv4",
                "service_ipv4_cidr": "172.20.0.0/16",
                "service_ipv6_cidr": ""
              }
            ],
            "name": "kafka",
            "outpost_config": [],
            "platform_version": "eks.11",
            "role_arn": "arn:aws:iam::211125583282:role/eks-cluster-role",
            "status": "ACTIVE",
            "tags": null,
            "tags_all": {},
            "timeouts": null,
            "version": "1.28",
            "vpc_config": [
              {
                "cluster_security_group_id": "sg-05e034e45b065a6dd",
                "endpoint_private_access": false,
                "endpoint_public_access": true,
                "public_access_cidrs": [
                  "0.0.0.0/0"
                ],
                "security_group_ids": null,
                "subnet_ids": [
                  "subnet-02af395c27e396441",
                  "subnet-0423310c276dd05b6",
                  "subnet-050cd1522d458f9fa",
                  "subnet-08f53322f2e90903c"
                ],
                "vpc_id": "vpc-02babfee2e40cc6c5"
              }
            ]
          },
          "sensitive_attributes": [],
          "private": "eyJlMmJmYjczMC1lY2FhLTExZTYtOGY4OC0zNDM2M2JjN2M0YzAiOnsiY3JlYXRlIjoxODAwMDAwMDAwMDAwLCJkZWxldGUiOjkwMDAwMDAwMDAwMCwidXBkYXRlIjozNjAwMDAwMDAwMDAwfX0=",
          "dependencies": [
            "module.eks_cluster_iam.aws_iam_role.role",
            "module.eks_cluster_iam.aws_iam_role_policy_attachment.policy_attachments",
            "module.eks_vpc.aws_eip.nat",
            "module.eks_vpc.aws_internet_gateway.igw",
            "module.eks_vpc.aws_nat_gateway.nat",
            "module.eks_vpc.aws_route_table.private",
            "module.eks_vpc.aws_route_table.public",
            "module.eks_vpc.aws_route_table_association.private",
            "module.eks_vpc.aws_route_table_association.public",
            "module.eks_vpc.aws_subnet.private",
            "module.eks_vpc.aws_subnet.public",
            "module.eks_vpc.aws_vpc.main"
          ]
        }
      ]
    },
    {
      "module": "module.eks_cluster_iam",
      "mode": "managed",
      "type": "aws_iam_role",
      "name": "role",
      "provider": "provider[\"registry.terraform.io/hashicorp/aws\"]",
      "instances": [
        {
          "schema_version": 0,
          "attributes": {
            "arn": "arn:aws:iam::211125583282:role/eks-cluster-role",
            "assume_role_policy": "{\"Statement\":[{\"Action\":\"sts:AssumeRole\",\"Effect\":\"Allow\",\"Principal\":{\"Service\":\"eks.amazonaws.com\"}}],\"Version\":\"2012-10-17\"}",
            "create_date": "2024-04-03T15:18:03Z",
            "description": "",
            "force_detach_policies": false,
            "id": "eks-cluster-role",
            "inline_policy": [],
            "managed_policy_arns": [],
            "max_session_duration": 3600,
            "name": "eks-cluster-role",
            "name_prefix": "",
            "path": "/",
            "permissions_boundary": "",
            "tags": null,
            "tags_all": {},
            "unique_id": "AROATCKAQXWZEYFNMWVCZ"
          },
          "sensitive_attributes": [],
          "private": "bnVsbA=="
        }
      ]
    },
    {
      "module": "module.eks_cluster_iam",
      "mode": "managed",
      "type": "aws_iam_role_policy_attachment",
      "name": "policy_attachments",
      "provider": "provider[\"registry.terraform.io/hashicorp/aws\"]",
      "instances": [
        {
          "index_key": 0,
          "schema_version": 0,
          "attributes": {
            "id": "eks-cluster-role-20240403151805440200000002",
            "policy_arn": "arn:aws:iam::aws:policy/AmazonEKSClusterPolicy",
            "role": "eks-cluster-role"
          },
          "sensitive_attributes": [],
          "private": "bnVsbA==",
          "dependencies": [
            "module.eks_cluster_iam.aws_iam_role.role"
          ]
        }
      ]
    },
    {
      "module": "module.eks_node_group",
      "mode": "managed",
      "type": "aws_eks_node_group",
      "name": "private_nodes",
      "provider": "provider[\"registry.terraform.io/hashicorp/aws\"]",
      "instances": [
        {
          "schema_version": 0,
          "attributes": {
            "ami_type": "AL2_x86_64",
            "arn": "arn:aws:eks:us-east-1:211125583282:nodegroup/kafka/kafka-eks-node-group/f6c75249-7671-d477-f2e4-bb74223d9486",
            "capacity_type": "ON_DEMAND",
            "cluster_name": "kafka",
            "disk_size": 20,
            "force_update_version": null,
            "id": "kafka:kafka-eks-node-group",
            "instance_types": [
              "t3.medium"
            ],
            "labels": {
              "role": "general"
            },
            "launch_template": [],
            "node_group_name": "kafka-eks-node-group",
            "node_group_name_prefix": "",
            "node_role_arn": "arn:aws:iam::211125583282:role/eks-worker-nodes-role",
            "release_version": "1.28.5-20240329",
            "remote_access": [],
            "resources": [
              {
                "autoscaling_groups": [
                  {
                    "name": "eks-kafka-eks-node-group-f6c75249-7671-d477-f2e4-bb74223d9486"
                  }
                ],
                "remote_access_security_group_id": ""
              }
            ],
            "scaling_config": [
              {
                "desired_size": 2,
                "max_size": 3,
                "min_size": 1
              }
            ],
            "status": "ACTIVE",
            "subnet_ids": [
              "subnet-02af395c27e396441",
              "subnet-08f53322f2e90903c"
            ],
            "tags": null,
            "tags_all": {},
            "taint": [],
            "timeouts": null,
            "update_config": [
              {
                "max_unavailable": 1,
                "max_unavailable_percentage": 0
              }
            ],
            "version": "1.28"
          },
          "sensitive_attributes": [],
          "private": "eyJlMmJmYjczMC1lY2FhLTExZTYtOGY4OC0zNDM2M2JjN2M0YzAiOnsiY3JlYXRlIjozNjAwMDAwMDAwMDAwLCJkZWxldGUiOjM2MDAwMDAwMDAwMDAsInVwZGF0ZSI6MzYwMDAwMDAwMDAwMH19",
          "dependencies": [
            "module.eks_cluster.aws_eks_cluster.cluster",
            "module.eks_cluster_iam.aws_iam_role.role",
            "module.eks_cluster_iam.aws_iam_role_policy_attachment.policy_attachments",
            "module.eks_vpc.aws_eip.nat",
            "module.eks_vpc.aws_internet_gateway.igw",
            "module.eks_vpc.aws_nat_gateway.nat",
            "module.eks_vpc.aws_route_table.private",
            "module.eks_vpc.aws_route_table.public",
            "module.eks_vpc.aws_route_table_association.private",
            "module.eks_vpc.aws_route_table_association.public",
            "module.eks_vpc.aws_subnet.private",
            "module.eks_vpc.aws_subnet.public",
            "module.eks_vpc.aws_vpc.main",
            "module.eks_worker_nodes_iam.aws_iam_role.role",
            "module.eks_worker_nodes_iam.aws_iam_role_policy_attachment.policy_attachments"
          ]
        }
      ]
    },
    {
      "module": "module.eks_vpc",
      "mode": "managed",
      "type": "aws_eip",
      "name": "nat",
      "provider": "provider[\"registry.terraform.io/hashicorp/aws\"]",
      "instances": [
        {
          "index_key": 0,
          "schema_version": 0,
          "attributes": {
            "address": null,
            "allocation_id": "eipalloc-090f6bd7acc781473",
            "associate_with_private_ip": null,
            "association_id": "",
            "carrier_ip": "",
            "customer_owned_ip": "",
            "customer_owned_ipv4_pool": "",
            "domain": "vpc",
            "id": "eipalloc-090f6bd7acc781473",
            "instance": "",
            "network_border_group": "us-east-1",
            "network_interface": "",
            "private_dns": null,
            "private_ip": "",
            "public_dns": "ec2-52-205-83-2.compute-1.amazonaws.com",
            "public_ip": "52.205.83.2",
            "public_ipv4_pool": "amazon",
            "tags": {
              "Name": "eks-nat-us-east-1a"
            },
            "tags_all": {
              "Name": "eks-nat-us-east-1a"
            },
            "timeouts": null,
            "vpc": true
          },
          "sensitive_attributes": [],
          "private": "eyJlMmJmYjczMC1lY2FhLTExZTYtOGY4OC0zNDM2M2JjN2M0YzAiOnsiZGVsZXRlIjoxODAwMDAwMDAwMDAsInJlYWQiOjkwMDAwMDAwMDAwMCwidXBkYXRlIjozMDAwMDAwMDAwMDB9fQ=="
        },
        {
          "index_key": 1,
          "schema_version": 0,
          "attributes": {
            "address": null,
            "allocation_id": "eipalloc-0b8f6edf5fdbdb109",
            "associate_with_private_ip": null,
            "association_id": "",
            "carrier_ip": "",
            "customer_owned_ip": "",
            "customer_owned_ipv4_pool": "",
            "domain": "vpc",
            "id": "eipalloc-0b8f6edf5fdbdb109",
            "instance": "",
            "network_border_group": "us-east-1",
            "network_interface": "",
            "private_dns": null,
            "private_ip": "",
            "public_dns": "ec2-44-218-52-108.compute-1.amazonaws.com",
            "public_ip": "44.218.52.108",
            "public_ipv4_pool": "amazon",
            "tags": {
              "Name": "eks-nat-us-east-1b"
            },
            "tags_all": {
              "Name": "eks-nat-us-east-1b"
            },
            "timeouts": null,
            "vpc": true
          },
          "sensitive_attributes": [],
          "private": "eyJlMmJmYjczMC1lY2FhLTExZTYtOGY4OC0zNDM2M2JjN2M0YzAiOnsiZGVsZXRlIjoxODAwMDAwMDAwMDAsInJlYWQiOjkwMDAwMDAwMDAwMCwidXBkYXRlIjozMDAwMDAwMDAwMDB9fQ=="
        }
      ]
    },
    {
      "module": "module.eks_vpc",
      "mode": "managed",
      "type": "aws_internet_gateway",
      "name": "igw",
      "provider": "provider[\"registry.terraform.io/hashicorp/aws\"]",
      "instances": [
        {
          "schema_version": 0,
          "attributes": {
            "arn": "arn:aws:ec2:us-east-1:211125583282:internet-gateway/igw-02a95ab564993342d",
            "id": "igw-02a95ab564993342d",
            "owner_id": "211125583282",
            "tags": {
              "Name": "eks-igw"
            },
            "tags_all": {
              "Name": "eks-igw"
            },
            "timeouts": null,
            "vpc_id": "vpc-02babfee2e40cc6c5"
          },
          "sensitive_attributes": [],
          "private": "eyJlMmJmYjczMC1lY2FhLTExZTYtOGY4OC0zNDM2M2JjN2M0YzAiOnsiY3JlYXRlIjoxMjAwMDAwMDAwMDAwLCJkZWxldGUiOjEyMDAwMDAwMDAwMDAsInVwZGF0ZSI6MTIwMDAwMDAwMDAwMH19",
          "dependencies": [
            "module.eks_vpc.aws_vpc.main"
          ]
        }
      ]
    },
    {
      "module": "module.eks_vpc",
      "mode": "managed",
      "type": "aws_nat_gateway",
      "name": "nat",
      "provider": "provider[\"registry.terraform.io/hashicorp/aws\"]",
      "instances": [
        {
          "index_key": 0,
          "schema_version": 0,
          "attributes": {
            "allocation_id": "eipalloc-090f6bd7acc781473",
            "association_id": "eipassoc-0404112eec74c053d",
            "connectivity_type": "public",
            "id": "nat-023ee18fc08085e83",
            "network_interface_id": "eni-048ce48e59b3bb7fb",
            "private_ip": "10.0.101.120",
            "public_ip": "52.205.83.2",
            "secondary_allocation_ids": null,
            "secondary_private_ip_address_count": 0,
            "secondary_private_ip_addresses": [],
            "subnet_id": "subnet-050cd1522d458f9fa",
            "tags": {
              "Name": "eks-nat-us-east-1a"
            },
            "tags_all": {
              "Name": "eks-nat-us-east-1a"
            },
            "timeouts": null
          },
          "sensitive_attributes": [],
          "private": "eyJlMmJmYjczMC1lY2FhLTExZTYtOGY4OC0zNDM2M2JjN2M0YzAiOnsiY3JlYXRlIjo2MDAwMDAwMDAwMDAsImRlbGV0ZSI6MTgwMDAwMDAwMDAwMCwidXBkYXRlIjo2MDAwMDAwMDAwMDB9fQ==",
          "dependencies": [
            "module.eks_vpc.aws_eip.nat",
            "module.eks_vpc.aws_internet_gateway.igw",
            "module.eks_vpc.aws_subnet.public",
            "module.eks_vpc.aws_vpc.main"
          ]
        },
        {
          "index_key": 1,
          "schema_version": 0,
          "attributes": {
            "allocation_id": "eipalloc-0b8f6edf5fdbdb109",
            "association_id": "eipassoc-0d5bf7aff8b5bbf62",
            "connectivity_type": "public",
            "id": "nat-06501b7fc1330a79f",
            "network_interface_id": "eni-0607bcb807b4a8628",
            "private_ip": "10.0.102.59",
            "public_ip": "44.218.52.108",
            "secondary_allocation_ids": null,
            "secondary_private_ip_address_count": 0,
            "secondary_private_ip_addresses": [],
            "subnet_id": "subnet-0423310c276dd05b6",
            "tags": {
              "Name": "eks-nat-us-east-1b"
            },
            "tags_all": {
              "Name": "eks-nat-us-east-1b"
            },
            "timeouts": null
          },
          "sensitive_attributes": [],
          "private": "eyJlMmJmYjczMC1lY2FhLTExZTYtOGY4OC0zNDM2M2JjN2M0YzAiOnsiY3JlYXRlIjo2MDAwMDAwMDAwMDAsImRlbGV0ZSI6MTgwMDAwMDAwMDAwMCwidXBkYXRlIjo2MDAwMDAwMDAwMDB9fQ==",
          "dependencies": [
            "module.eks_vpc.aws_eip.nat",
            "module.eks_vpc.aws_internet_gateway.igw",
            "module.eks_vpc.aws_subnet.public",
            "module.eks_vpc.aws_vpc.main"
          ]
        }
      ]
    },
    {
      "module": "module.eks_vpc",
      "mode": "managed",
      "type": "aws_route_table",
      "name": "private",
      "provider": "provider[\"registry.terraform.io/hashicorp/aws\"]",
      "instances": [
        {
          "index_key": 0,
          "schema_version": 0,
          "attributes": {
            "arn": "arn:aws:ec2:us-east-1:211125583282:route-table/rtb-03043ee94cc74ab93",
            "id": "rtb-03043ee94cc74ab93",
            "owner_id": "211125583282",
            "propagating_vgws": [],
            "route": [
              {
                "carrier_gateway_id": "",
                "cidr_block": "0.0.0.0/0",
                "core_network_arn": "",
                "destination_prefix_list_id": "",
                "egress_only_gateway_id": "",
                "gateway_id": "",
                "ipv6_cidr_block": "",
                "local_gateway_id": "",
                "nat_gateway_id": "nat-023ee18fc08085e83",
                "network_interface_id": "",
                "transit_gateway_id": "",
                "vpc_endpoint_id": "",
                "vpc_peering_connection_id": ""
              }
            ],
            "tags": {
              "Name": "eks-private-us-east-1a"
            },
            "tags_all": {
              "Name": "eks-private-us-east-1a"
            },
            "timeouts": null,
            "vpc_id": "vpc-02babfee2e40cc6c5"
          },
          "sensitive_attributes": [],
          "private": "eyJlMmJmYjczMC1lY2FhLTExZTYtOGY4OC0zNDM2M2JjN2M0YzAiOnsiY3JlYXRlIjozMDAwMDAwMDAwMDAsImRlbGV0ZSI6MzAwMDAwMDAwMDAwLCJ1cGRhdGUiOjEyMDAwMDAwMDAwMH19",
          "dependencies": [
            "module.eks_vpc.aws_eip.nat",
            "module.eks_vpc.aws_internet_gateway.igw",
            "module.eks_vpc.aws_nat_gateway.nat",
            "module.eks_vpc.aws_subnet.public",
            "module.eks_vpc.aws_vpc.main"
          ]
        },
        {
          "index_key": 1,
          "schema_version": 0,
          "attributes": {
            "arn": "arn:aws:ec2:us-east-1:211125583282:route-table/rtb-0c41adf2ba935c39c",
            "id": "rtb-0c41adf2ba935c39c",
            "owner_id": "211125583282",
            "propagating_vgws": [],
            "route": [
              {
                "carrier_gateway_id": "",
                "cidr_block": "0.0.0.0/0",
                "core_network_arn": "",
                "destination_prefix_list_id": "",
                "egress_only_gateway_id": "",
                "gateway_id": "",
                "ipv6_cidr_block": "",
                "local_gateway_id": "",
                "nat_gateway_id": "nat-06501b7fc1330a79f",
                "network_interface_id": "",
                "transit_gateway_id": "",
                "vpc_endpoint_id": "",
                "vpc_peering_connection_id": ""
              }
            ],
            "tags": {
              "Name": "eks-private-us-east-1b"
            },
            "tags_all": {
              "Name": "eks-private-us-east-1b"
            },
            "timeouts": null,
            "vpc_id": "vpc-02babfee2e40cc6c5"
          },
          "sensitive_attributes": [],
          "private": "eyJlMmJmYjczMC1lY2FhLTExZTYtOGY4OC0zNDM2M2JjN2M0YzAiOnsiY3JlYXRlIjozMDAwMDAwMDAwMDAsImRlbGV0ZSI6MzAwMDAwMDAwMDAwLCJ1cGRhdGUiOjEyMDAwMDAwMDAwMH19",
          "dependencies": [
            "module.eks_vpc.aws_eip.nat",
            "module.eks_vpc.aws_internet_gateway.igw",
            "module.eks_vpc.aws_nat_gateway.nat",
            "module.eks_vpc.aws_subnet.public",
            "module.eks_vpc.aws_vpc.main"
          ]
        }
      ]
    },
    {
      "module": "module.eks_vpc",
      "mode": "managed",
      "type": "aws_route_table",
      "name": "public",
      "provider": "provider[\"registry.terraform.io/hashicorp/aws\"]",
      "instances": [
        {
          "index_key": 0,
          "schema_version": 0,
          "attributes": {
            "arn": "arn:aws:ec2:us-east-1:211125583282:route-table/rtb-0ddd6aa82a4ecc87d",
            "id": "rtb-0ddd6aa82a4ecc87d",
            "owner_id": "211125583282",
            "propagating_vgws": [],
            "route": [
              {
                "carrier_gateway_id": "",
                "cidr_block": "0.0.0.0/0",
                "core_network_arn": "",
                "destination_prefix_list_id": "",
                "egress_only_gateway_id": "",
                "gateway_id": "igw-02a95ab564993342d",
                "ipv6_cidr_block": "",
                "local_gateway_id": "",
                "nat_gateway_id": "",
                "network_interface_id": "",
                "transit_gateway_id": "",
                "vpc_endpoint_id": "",
                "vpc_peering_connection_id": ""
              }
            ],
            "tags": {
              "Name": "eks-public-us-east-1a"
            },
            "tags_all": {
              "Name": "eks-public-us-east-1a"
            },
            "timeouts": null,
            "vpc_id": "vpc-02babfee2e40cc6c5"
          },
          "sensitive_attributes": [],
          "private": "eyJlMmJmYjczMC1lY2FhLTExZTYtOGY4OC0zNDM2M2JjN2M0YzAiOnsiY3JlYXRlIjozMDAwMDAwMDAwMDAsImRlbGV0ZSI6MzAwMDAwMDAwMDAwLCJ1cGRhdGUiOjEyMDAwMDAwMDAwMH19",
          "dependencies": [
            "module.eks_vpc.aws_internet_gateway.igw",
            "module.eks_vpc.aws_vpc.main"
          ]
        },
        {
          "index_key": 1,
          "schema_version": 0,
          "attributes": {
            "arn": "arn:aws:ec2:us-east-1:211125583282:route-table/rtb-01256c1d1f8827208",
            "id": "rtb-01256c1d1f8827208",
            "owner_id": "211125583282",
            "propagating_vgws": [],
            "route": [
              {
                "carrier_gateway_id": "",
                "cidr_block": "0.0.0.0/0",
                "core_network_arn": "",
                "destination_prefix_list_id": "",
                "egress_only_gateway_id": "",
                "gateway_id": "igw-02a95ab564993342d",
                "ipv6_cidr_block": "",
                "local_gateway_id": "",
                "nat_gateway_id": "",
                "network_interface_id": "",
                "transit_gateway_id": "",
                "vpc_endpoint_id": "",
                "vpc_peering_connection_id": ""
              }
            ],
            "tags": {
              "Name": "eks-public-us-east-1b"
            },
            "tags_all": {
              "Name": "eks-public-us-east-1b"
            },
            "timeouts": null,
            "vpc_id": "vpc-02babfee2e40cc6c5"
          },
          "sensitive_attributes": [],
          "private": "eyJlMmJmYjczMC1lY2FhLTExZTYtOGY4OC0zNDM2M2JjN2M0YzAiOnsiY3JlYXRlIjozMDAwMDAwMDAwMDAsImRlbGV0ZSI6MzAwMDAwMDAwMDAwLCJ1cGRhdGUiOjEyMDAwMDAwMDAwMH19",
          "dependencies": [
            "module.eks_vpc.aws_internet_gateway.igw",
            "module.eks_vpc.aws_vpc.main"
          ]
        }
      ]
    },
    {
      "module": "module.eks_vpc",
      "mode": "managed",
      "type": "aws_route_table_association",
      "name": "private",
      "provider": "provider[\"registry.terraform.io/hashicorp/aws\"]",
      "instances": [
        {
          "index_key": 0,
          "schema_version": 0,
          "attributes": {
            "gateway_id": "",
            "id": "rtbassoc-0073e440add2f3905",
            "route_table_id": "rtb-03043ee94cc74ab93",
            "subnet_id": "subnet-02af395c27e396441",
            "timeouts": null
          },
          "sensitive_attributes": [],
          "private": "eyJlMmJmYjczMC1lY2FhLTExZTYtOGY4OC0zNDM2M2JjN2M0YzAiOnsiY3JlYXRlIjozMDAwMDAwMDAwMDAsImRlbGV0ZSI6MzAwMDAwMDAwMDAwLCJ1cGRhdGUiOjEyMDAwMDAwMDAwMH19",
          "dependencies": [
            "module.eks_vpc.aws_eip.nat",
            "module.eks_vpc.aws_internet_gateway.igw",
            "module.eks_vpc.aws_nat_gateway.nat",
            "module.eks_vpc.aws_route_table.private",
            "module.eks_vpc.aws_subnet.private",
            "module.eks_vpc.aws_subnet.public",
            "module.eks_vpc.aws_vpc.main"
          ]
        },
        {
          "index_key": 1,
          "schema_version": 0,
          "attributes": {
            "gateway_id": "",
            "id": "rtbassoc-02170c7318ac2b333",
            "route_table_id": "rtb-0c41adf2ba935c39c",
            "subnet_id": "subnet-08f53322f2e90903c",
            "timeouts": null
          },
          "sensitive_attributes": [],
          "private": "eyJlMmJmYjczMC1lY2FhLTExZTYtOGY4OC0zNDM2M2JjN2M0YzAiOnsiY3JlYXRlIjozMDAwMDAwMDAwMDAsImRlbGV0ZSI6MzAwMDAwMDAwMDAwLCJ1cGRhdGUiOjEyMDAwMDAwMDAwMH19",
          "dependencies": [
            "module.eks_vpc.aws_eip.nat",
            "module.eks_vpc.aws_internet_gateway.igw",
            "module.eks_vpc.aws_nat_gateway.nat",
            "module.eks_vpc.aws_route_table.private",
            "module.eks_vpc.aws_subnet.private",
            "module.eks_vpc.aws_subnet.public",
            "module.eks_vpc.aws_vpc.main"
          ]
        }
      ]
    },
    {
      "module": "module.eks_vpc",
      "mode": "managed",
      "type": "aws_route_table_association",
      "name": "public",
      "provider": "provider[\"registry.terraform.io/hashicorp/aws\"]",
      "instances": [
        {
          "index_key": 0,
          "schema_version": 0,
          "attributes": {
            "gateway_id": "",
            "id": "rtbassoc-0aae0edb973da0813",
            "route_table_id": "rtb-0ddd6aa82a4ecc87d",
            "subnet_id": "subnet-050cd1522d458f9fa",
            "timeouts": null
          },
          "sensitive_attributes": [],
          "private": "eyJlMmJmYjczMC1lY2FhLTExZTYtOGY4OC0zNDM2M2JjN2M0YzAiOnsiY3JlYXRlIjozMDAwMDAwMDAwMDAsImRlbGV0ZSI6MzAwMDAwMDAwMDAwLCJ1cGRhdGUiOjEyMDAwMDAwMDAwMH19",
          "dependencies": [
            "module.eks_vpc.aws_internet_gateway.igw",
            "module.eks_vpc.aws_route_table.public",
            "module.eks_vpc.aws_subnet.public",
            "module.eks_vpc.aws_vpc.main"
          ]
        },
        {
          "index_key": 1,
          "schema_version": 0,
          "attributes": {
            "gateway_id": "",
            "id": "rtbassoc-094a492895484c0d2",
            "route_table_id": "rtb-01256c1d1f8827208",
            "subnet_id": "subnet-0423310c276dd05b6",
            "timeouts": null
          },
          "sensitive_attributes": [],
          "private": "eyJlMmJmYjczMC1lY2FhLTExZTYtOGY4OC0zNDM2M2JjN2M0YzAiOnsiY3JlYXRlIjozMDAwMDAwMDAwMDAsImRlbGV0ZSI6MzAwMDAwMDAwMDAwLCJ1cGRhdGUiOjEyMDAwMDAwMDAwMH19",
          "dependencies": [
            "module.eks_vpc.aws_internet_gateway.igw",
            "module.eks_vpc.aws_route_table.public",
            "module.eks_vpc.aws_subnet.public",
            "module.eks_vpc.aws_vpc.main"
          ]
        }
      ]
    },
    {
      "module": "module.eks_vpc",
      "mode": "managed",
      "type": "aws_subnet",
      "name": "private",
      "provider": "provider[\"registry.terraform.io/hashicorp/aws\"]",
      "instances": [
        {
          "index_key": 0,
          "schema_version": 1,
          "attributes": {
            "arn": "arn:aws:ec2:us-east-1:211125583282:subnet/subnet-02af395c27e396441",
            "assign_ipv6_address_on_creation": false,
            "availability_zone": "us-east-1a",
            "availability_zone_id": "use1-az1",
            "cidr_block": "10.0.1.0/24",
            "customer_owned_ipv4_pool": "",
            "enable_dns64": false,
            "enable_lni_at_device_index": 0,
            "enable_resource_name_dns_a_record_on_launch": false,
            "enable_resource_name_dns_aaaa_record_on_launch": false,
            "id": "subnet-02af395c27e396441",
            "ipv6_cidr_block": "",
            "ipv6_cidr_block_association_id": "",
            "ipv6_native": false,
            "map_customer_owned_ip_on_launch": false,
            "map_public_ip_on_launch": false,
            "outpost_arn": "",
            "owner_id": "211125583282",
            "private_dns_hostname_type_on_launch": "ip-name",
            "tags": {
              "Name": "eks-private-us-east-1a"
            },
            "tags_all": {
              "Name": "eks-private-us-east-1a"
            },
            "timeouts": null,
            "vpc_id": "vpc-02babfee2e40cc6c5"
          },
          "sensitive_attributes": [],
          "private": "eyJlMmJmYjczMC1lY2FhLTExZTYtOGY4OC0zNDM2M2JjN2M0YzAiOnsiY3JlYXRlIjo2MDAwMDAwMDAwMDAsImRlbGV0ZSI6MTIwMDAwMDAwMDAwMH0sInNjaGVtYV92ZXJzaW9uIjoiMSJ9",
          "dependencies": [
            "module.eks_vpc.aws_vpc.main"
          ]
        },
        {
          "index_key": 1,
          "schema_version": 1,
          "attributes": {
            "arn": "arn:aws:ec2:us-east-1:211125583282:subnet/subnet-08f53322f2e90903c",
            "assign_ipv6_address_on_creation": false,
            "availability_zone": "us-east-1b",
            "availability_zone_id": "use1-az2",
            "cidr_block": "10.0.2.0/24",
            "customer_owned_ipv4_pool": "",
            "enable_dns64": false,
            "enable_lni_at_device_index": 0,
            "enable_resource_name_dns_a_record_on_launch": false,
            "enable_resource_name_dns_aaaa_record_on_launch": false,
            "id": "subnet-08f53322f2e90903c",
            "ipv6_cidr_block": "",
            "ipv6_cidr_block_association_id": "",
            "ipv6_native": false,
            "map_customer_owned_ip_on_launch": false,
            "map_public_ip_on_launch": false,
            "outpost_arn": "",
            "owner_id": "211125583282",
            "private_dns_hostname_type_on_launch": "ip-name",
            "tags": {
              "Name": "eks-private-us-east-1b"
            },
            "tags_all": {
              "Name": "eks-private-us-east-1b"
            },
            "timeouts": null,
            "vpc_id": "vpc-02babfee2e40cc6c5"
          },
          "sensitive_attributes": [],
          "private": "eyJlMmJmYjczMC1lY2FhLTExZTYtOGY4OC0zNDM2M2JjN2M0YzAiOnsiY3JlYXRlIjo2MDAwMDAwMDAwMDAsImRlbGV0ZSI6MTIwMDAwMDAwMDAwMH0sInNjaGVtYV92ZXJzaW9uIjoiMSJ9",
          "dependencies": [
            "module.eks_vpc.aws_vpc.main"
          ]
        }
      ]
    },
    {
      "module": "module.eks_vpc",
      "mode": "managed",
      "type": "aws_subnet",
      "name": "public",
      "provider": "provider[\"registry.terraform.io/hashicorp/aws\"]",
      "instances": [
        {
          "index_key": 0,
          "schema_version": 1,
          "attributes": {
            "arn": "arn:aws:ec2:us-east-1:211125583282:subnet/subnet-050cd1522d458f9fa",
            "assign_ipv6_address_on_creation": false,
            "availability_zone": "us-east-1a",
            "availability_zone_id": "use1-az1",
            "cidr_block": "10.0.101.0/24",
            "customer_owned_ipv4_pool": "",
            "enable_dns64": false,
            "enable_lni_at_device_index": 0,
            "enable_resource_name_dns_a_record_on_launch": false,
            "enable_resource_name_dns_aaaa_record_on_launch": false,
            "id": "subnet-050cd1522d458f9fa",
            "ipv6_cidr_block": "",
            "ipv6_cidr_block_association_id": "",
            "ipv6_native": false,
            "map_customer_owned_ip_on_launch": false,
            "map_public_ip_on_launch": true,
            "outpost_arn": "",
            "owner_id": "211125583282",
            "private_dns_hostname_type_on_launch": "ip-name",
            "tags": {
              "Name": "eks-public-us-east-1a"
            },
            "tags_all": {
              "Name": "eks-public-us-east-1a"
            },
            "timeouts": null,
            "vpc_id": "vpc-02babfee2e40cc6c5"
          },
          "sensitive_attributes": [],
          "private": "eyJlMmJmYjczMC1lY2FhLTExZTYtOGY4OC0zNDM2M2JjN2M0YzAiOnsiY3JlYXRlIjo2MDAwMDAwMDAwMDAsImRlbGV0ZSI6MTIwMDAwMDAwMDAwMH0sInNjaGVtYV92ZXJzaW9uIjoiMSJ9",
          "dependencies": [
            "module.eks_vpc.aws_vpc.main"
          ]
        },
        {
          "index_key": 1,
          "schema_version": 1,
          "attributes": {
            "arn": "arn:aws:ec2:us-east-1:211125583282:subnet/subnet-0423310c276dd05b6",
            "assign_ipv6_address_on_creation": false,
            "availability_zone": "us-east-1b",
            "availability_zone_id": "use1-az2",
            "cidr_block": "10.0.102.0/24",
            "customer_owned_ipv4_pool": "",
            "enable_dns64": false,
            "enable_lni_at_device_index": 0,
            "enable_resource_name_dns_a_record_on_launch": false,
            "enable_resource_name_dns_aaaa_record_on_launch": false,
            "id": "subnet-0423310c276dd05b6",
            "ipv6_cidr_block": "",
            "ipv6_cidr_block_association_id": "",
            "ipv6_native": false,
            "map_customer_owned_ip_on_launch": false,
            "map_public_ip_on_launch": true,
            "outpost_arn": "",
            "owner_id": "211125583282",
            "private_dns_hostname_type_on_launch": "ip-name",
            "tags": {
              "Name": "eks-public-us-east-1b"
            },
            "tags_all": {
              "Name": "eks-public-us-east-1b"
            },
            "timeouts": null,
            "vpc_id": "vpc-02babfee2e40cc6c5"
          },
          "sensitive_attributes": [],
          "private": "eyJlMmJmYjczMC1lY2FhLTExZTYtOGY4OC0zNDM2M2JjN2M0YzAiOnsiY3JlYXRlIjo2MDAwMDAwMDAwMDAsImRlbGV0ZSI6MTIwMDAwMDAwMDAwMH0sInNjaGVtYV92ZXJzaW9uIjoiMSJ9",
          "dependencies": [
            "module.eks_vpc.aws_vpc.main"
          ]
        }
      ]
    },
    {
      "module": "module.eks_vpc",
      "mode": "managed",
      "type": "aws_vpc",
      "name": "main",
      "provider": "provider[\"registry.terraform.io/hashicorp/aws\"]",
      "instances": [
        {
          "schema_version": 1,
          "attributes": {
            "arn": "arn:aws:ec2:us-east-1:211125583282:vpc/vpc-02babfee2e40cc6c5",
            "assign_generated_ipv6_cidr_block": false,
            "cidr_block": "10.0.0.0/16",
            "default_network_acl_id": "acl-023f67e4728964e75",
            "default_route_table_id": "rtb-0b89259a2216f1417",
            "default_security_group_id": "sg-0b3359dfe0c2389b4",
            "dhcp_options_id": "dopt-062090d4977150d53",
            "enable_dns_hostnames": false,
            "enable_dns_support": true,
            "enable_network_address_usage_metrics": false,
            "id": "vpc-02babfee2e40cc6c5",
            "instance_tenancy": "default",
            "ipv4_ipam_pool_id": null,
            "ipv4_netmask_length": null,
            "ipv6_association_id": "",
            "ipv6_cidr_block": "",
            "ipv6_cidr_block_network_border_group": "",
            "ipv6_ipam_pool_id": "",
            "ipv6_netmask_length": 0,
            "main_route_table_id": "rtb-0b89259a2216f1417",
            "owner_id": "211125583282",
            "tags": {
              "Name": "eks-vpc"
            },
            "tags_all": {
              "Name": "eks-vpc"
            }
          },
          "sensitive_attributes": [],
          "private": "eyJzY2hlbWFfdmVyc2lvbiI6IjEifQ=="
        }
      ]
    },
    {
      "module": "module.eks_worker_nodes_iam",
      "mode": "managed",
      "type": "aws_iam_role",
      "name": "role",
      "provider": "provider[\"registry.terraform.io/hashicorp/aws\"]",
      "instances": [
        {
          "schema_version": 0,
          "attributes": {
            "arn": "arn:aws:iam::211125583282:role/eks-worker-nodes-role",
            "assume_role_policy": "{\"Statement\":[{\"Action\":\"sts:AssumeRole\",\"Effect\":\"Allow\",\"Principal\":{\"Service\":\"ec2.amazonaws.com\"}}],\"Version\":\"2012-10-17\"}",
            "create_date": "2024-04-03T15:18:03Z",
            "description": "",
            "force_detach_policies": false,
            "id": "eks-worker-nodes-role",
            "inline_policy": [],
            "managed_policy_arns": [],
            "max_session_duration": 3600,
            "name": "eks-worker-nodes-role",
            "name_prefix": "",
            "path": "/",
            "permissions_boundary": "",
            "tags": null,
            "tags_all": {},
            "unique_id": "AROATCKAQXWZLNQ7VZW4S"
          },
          "sensitive_attributes": [],
          "private": "bnVsbA=="
        }
      ]
    },
    {
      "module": "module.eks_worker_nodes_iam",
      "mode": "managed",
      "type": "aws_iam_role_policy_attachment",
      "name": "policy_attachments",
      "provider": "provider[\"registry.terraform.io/hashicorp/aws\"]",
      "instances": [
        {
          "index_key": 0,
          "schema_version": 0,
          "attributes": {
            "id": "eks-worker-nodes-role-20240403151806163900000005",
            "policy_arn": "arn:aws:iam::aws:policy/AmazonEKSWorkerNodePolicy",
            "role": "eks-worker-nodes-role"
          },
          "sensitive_attributes": [],
          "private": "bnVsbA==",
          "dependencies": [
            "module.eks_worker_nodes_iam.aws_iam_role.role"
          ]
        },
        {
          "index_key": 1,
          "schema_version": 0,
          "attributes": {
            "id": "eks-worker-nodes-role-20240403151805830300000004",
            "policy_arn": "arn:aws:iam::aws:policy/AmazonEKS_CNI_Policy",
            "role": "eks-worker-nodes-role"
          },
          "sensitive_attributes": [],
          "private": "bnVsbA==",
          "dependencies": [
            "module.eks_worker_nodes_iam.aws_iam_role.role"
          ]
        },
        {
          "index_key": 2,
          "schema_version": 0,
          "attributes": {
            "id": "eks-worker-nodes-role-20240403151805786900000003",
            "policy_arn": "arn:aws:iam::aws:policy/AmazonEC2ContainerRegistryReadOnly",
            "role": "eks-worker-nodes-role"
          },
          "sensitive_attributes": [],
          "private": "bnVsbA==",
          "dependencies": [
            "module.eks_worker_nodes_iam.aws_iam_role.role"
          ]
        },
        {
          "index_key": 3,
          "schema_version": 0,
          "attributes": {
            "id": "eks-worker-nodes-role-20240403151806264700000006",
            "policy_arn": "arn:aws:iam::aws:policy/AmazonSSMManagedInstanceCore",
            "role": "eks-worker-nodes-role"
          },
          "sensitive_attributes": [],
          "private": "bnVsbA==",
          "dependencies": [
            "module.eks_worker_nodes_iam.aws_iam_role.role"
          ]
        },
        {
          "index_key": 4,
          "schema_version": 0,
          "attributes": {
            "id": "eks-worker-nodes-role-20240403151805391300000001",
            "policy_arn": "arn:aws:iam::aws:policy/service-role/AmazonEBSCSIDriverPolicy",
            "role": "eks-worker-nodes-role"
          },
          "sensitive_attributes": [],
          "private": "bnVsbA==",
          "dependencies": [
            "module.eks_worker_nodes_iam.aws_iam_role.role"
          ]
        }
      ]
    }
  ],
  "check_results": null
}
